
Microsoft Visual Studio Solution File, Format Version 12.00
# Visual Studio Version 17
VisualStudioVersion = 17.10.35013.160
MinimumVisualStudioVersion = 10.0.40219.1
Project("{FAE04EC0-301F-11D3-BF4B-00C04F79EFBC}") = "3_studio", "3_studio.csproj", "{28E69856-3DF6-46D3-9C61-FE82F3EA9390}"
EndProject
Global
	GlobalSection(SolutionConfigurationPlatforms) = preSolution
		Debug|Any CPU = Debug|Any CPU
		Release|Any CPU = Release|Any CPU
	EndGlobalSection
	GlobalSection(ProjectConfigurationPlatforms) = postSolution
		{28E69856-3DF6-46D3-9C61-FE82F3EA9390}.Debug|Any CPU.ActiveCfg = Debug|Any CPU
		{28E69856-3DF6-46D3-9C61-FE82F3EA9390}.Debug|Any CPU.Build.0 = Debug|Any CPU
		{28E69856-3DF6-46D3-9C61-FE82F3EA9390}.Release|Any CPU.ActiveCfg = Release|Any CPU
		{28E69856-3DF6-46D3-9C61-FE82F3EA9390}.Release|Any CPU.Build.0 = Release|Any CPU
	EndGlobalSection
	GlobalSection(SolutionProperties) = preSolution
		HideSolutionNode = FALSE
	EndGlobalSection
	GlobalSection(ExtensibilityGlobals) = postSolution
		SolutionGuid = {DE5089A3-561F-4A71-89AE-DE81B339DA28}
	EndGlobalSection
EndGlobal
