
Microsoft Visual Studio Solution File, Format Version 12.00
# Visual Studio Version 17
VisualStudioVersion = 17.10.35013.160
MinimumVisualStudioVersion = 10.0.40219.1
Project("{FAE04EC0-301F-11D3-BF4B-00C04F79EFBC}") = "1B_DatabaseFirst", "1B_DatabaseFirst\1B_DatabaseFirst.csproj", "{1725BF96-6550-44FE-83F6-593B9E06982F}"
EndProject
Project("{FAE04EC0-301F-11D3-BF4B-00C04F79EFBC}") = "1B_DatabaseFirst.Tests", "1B_DatabaseFirst.Tests\1B_DatabaseFirst.Tests.csproj", "{C3D20022-9D99-45CA-8D01-417F4D29C6D4}"
EndProject
Global
	GlobalSection(SolutionConfigurationPlatforms) = preSolution
		Debug|Any CPU = Debug|Any CPU
		Release|Any CPU = Release|Any CPU
	EndGlobalSection
	GlobalSection(ProjectConfigurationPlatforms) = postSolution
		{1725BF96-6550-44FE-83F6-593B9E06982F}.Debug|Any CPU.ActiveCfg = Debug|Any CPU
		{1725BF96-6550-44FE-83F6-593B9E06982F}.Debug|Any CPU.Build.0 = Debug|Any CPU
		{1725BF96-6550-44FE-83F6-593B9E06982F}.Release|Any CPU.ActiveCfg = Release|Any CPU
		{1725BF96-6550-44FE-83F6-593B9E06982F}.Release|Any CPU.Build.0 = Release|Any CPU
		{C3D20022-9D99-45CA-8D01-417F4D29C6D4}.Debug|Any CPU.ActiveCfg = Debug|Any CPU
		{C3D20022-9D99-45CA-8D01-417F4D29C6D4}.Debug|Any CPU.Build.0 = Debug|Any CPU
		{C3D20022-9D99-45CA-8D01-417F4D29C6D4}.Release|Any CPU.ActiveCfg = Release|Any CPU
		{C3D20022-9D99-45CA-8D01-417F4D29C6D4}.Release|Any CPU.Build.0 = Release|Any CPU
	EndGlobalSection
	GlobalSection(SolutionProperties) = preSolution
		HideSolutionNode = FALSE
	EndGlobalSection
	GlobalSection(ExtensibilityGlobals) = postSolution
		SolutionGuid = {C701B5E0-4BF0-4695-925C-D7FDAD7A9970}
	EndGlobalSection
EndGlobal
